
Microsoft Visual Studio Solution File, Format Version 12.00
# Visual Studio Version 16
VisualStudioVersion = 16.0.31729.503
MinimumVisualStudioVersion = 10.0.40219.1
Project("{FAE04EC0-301F-11D3-BF4B-00C04F79EFBC}") = "Snake", "Snake.csproj", "{34F12EED-A84C-4453-A07C-769EA5E42618}"
EndProject
Global
	GlobalSection(SolutionConfigurationPlatforms) = preSolution
		Debug|Any CPU = Debug|Any CPU
		Release|Any CPU = Release|Any CPU
	EndGlobalSection
	GlobalSection(ProjectConfigurationPlatforms) = postSolution
		{34F12EED-A84C-4453-A07C-769EA5E42618}.Debug|Any CPU.ActiveCfg = Debug|Any CPU
		{34F12EED-A84C-4453-A07C-769EA5E42618}.Debug|Any CPU.Build.0 = Debug|Any CPU
		{34F12EED-A84C-4453-A07C-769EA5E42618}.Release|Any CPU.ActiveCfg = Release|Any CPU
		{34F12EED-A84C-4453-A07C-769EA5E42618}.Release|Any CPU.Build.0 = Release|Any CPU
	EndGlobalSection
	GlobalSection(SolutionProperties) = preSolution
		HideSolutionNode = FALSE
	EndGlobalSection
	GlobalSection(ExtensibilityGlobals) = postSolution
		SolutionGuid = {6287D329-A626-4D0F-AA35-540CA0EFFDCB}
	EndGlobalSection
EndGlobal
